
Microsoft Visual Studio Solution File, Format Version 12.00
Project("{FAE04EC0-301F-11D3-BF4B-00C04F79EFBC}") = "ProductionCode", "ProductionCode\ProductionCode.csproj", "{79052A9C-88AE-495C-86DA-2E2B3681A86E}"
EndProject
Project("{FAE04EC0-301F-11D3-BF4B-00C04F79EFBC}") = "Test", "Test\Test.csproj", "{3A7B9B09-DF46-4C43-ACAF-DF2A19E3A85F}"
EndProject
Global
	GlobalSection(SolutionConfigurationPlatforms) = preSolution
		Debug|Any CPU = Debug|Any CPU
		Release|Any CPU = Release|Any CPU
	EndGlobalSection
	GlobalSection(ProjectConfigurationPlatforms) = postSolution
		{79052A9C-88AE-495C-86DA-2E2B3681A86E}.Debug|Any CPU.ActiveCfg = Debug|Any CPU
		{79052A9C-88AE-495C-86DA-2E2B3681A86E}.Debug|Any CPU.Build.0 = Debug|Any CPU
		{79052A9C-88AE-495C-86DA-2E2B3681A86E}.Release|Any CPU.ActiveCfg = Release|Any CPU
		{79052A9C-88AE-495C-86DA-2E2B3681A86E}.Release|Any CPU.Build.0 = Release|Any CPU
		{3A7B9B09-DF46-4C43-ACAF-DF2A19E3A85F}.Debug|Any CPU.ActiveCfg = Debug|Any CPU
		{3A7B9B09-DF46-4C43-ACAF-DF2A19E3A85F}.Debug|Any CPU.Build.0 = Debug|Any CPU
		{3A7B9B09-DF46-4C43-ACAF-DF2A19E3A85F}.Release|Any CPU.ActiveCfg = Release|Any CPU
		{3A7B9B09-DF46-4C43-ACAF-DF2A19E3A85F}.Release|Any CPU.Build.0 = Release|Any CPU
	EndGlobalSection
EndGlobal
