
Microsoft Visual Studio Solution File, Format Version 12.00
Project("{FAE04EC0-301F-11D3-BF4B-00C04F79EFBC}") = "ProductionCode", "ProductionCode\ProductionCode.csproj", "{8764F35C-54A4-462C-9994-028650B2CE6F}"
EndProject
Project("{FAE04EC0-301F-11D3-BF4B-00C04F79EFBC}") = "Test", "Test\Test.csproj", "{473BA559-4F3F-48B1-B6DB-630EFA1C0953}"
EndProject
Global
	GlobalSection(SolutionConfigurationPlatforms) = preSolution
		Debug|Any CPU = Debug|Any CPU
		Release|Any CPU = Release|Any CPU
	EndGlobalSection
	GlobalSection(ProjectConfigurationPlatforms) = postSolution
		{8764F35C-54A4-462C-9994-028650B2CE6F}.Debug|Any CPU.ActiveCfg = Debug|Any CPU
		{8764F35C-54A4-462C-9994-028650B2CE6F}.Debug|Any CPU.Build.0 = Debug|Any CPU
		{8764F35C-54A4-462C-9994-028650B2CE6F}.Release|Any CPU.ActiveCfg = Release|Any CPU
		{8764F35C-54A4-462C-9994-028650B2CE6F}.Release|Any CPU.Build.0 = Release|Any CPU
		{473BA559-4F3F-48B1-B6DB-630EFA1C0953}.Debug|Any CPU.ActiveCfg = Debug|Any CPU
		{473BA559-4F3F-48B1-B6DB-630EFA1C0953}.Debug|Any CPU.Build.0 = Debug|Any CPU
		{473BA559-4F3F-48B1-B6DB-630EFA1C0953}.Release|Any CPU.ActiveCfg = Release|Any CPU
		{473BA559-4F3F-48B1-B6DB-630EFA1C0953}.Release|Any CPU.Build.0 = Release|Any CPU
	EndGlobalSection
EndGlobal
